{
  "name": "claude-digest",
  "version": "1.0.0",
  "lockfileVersion": 3,
  "requires": true,
  "packages": {
    "": {
      "name": "claude-digest",
      "version": "1.0.0",
      "bin": {
        "claude-digest": "bin/claude-digest.js",
        "rsvp-pipe": "bin/rsvp-pipe.js"
      },
      "engines": {
        "node": ">=18.3.0"
      }
    }
  }
}
